// !$*UTF8*$!
{
	archiveVersion = 1;
	classes = {
	};
	objectVersion = 55;
	objects = {

/* Begin PBXBuildFile section */
		355997581D4FCA11B4CE4175 /* Pods_TestDynamicCell.framework in Frameworks */ = {isa = PBXBuildFile; fileRef = 38DC66A034576D22708A3455 /* Pods_TestDynamicCell.framework */; };
		896B6A822887FEF800F35B61 /* InstanceContainer.swift in Sources */ = {isa = PBXBuildFile; fileRef = 896B6A812887FEF800F35B61 /* InstanceContainer.swift */; };
		896B6A842888132F00F35B61 /* Swinject+Ext.swift in Sources */ = {isa = PBXBuildFile; fileRef = 896B6A832888132F00F35B61 /* Swinject+Ext.swift */; };
		896B6A8A288814F100F35B61 /* DetailsViewController.swift in Sources */ = {isa = PBXBuildFile; fileRef = 896B6A89288814F100F35B61 /* DetailsViewController.swift */; };
		896B6A8D288959C700F35B61 /* SingletonContainer.swift in Sources */ = {isa = PBXBuildFile; fileRef = 896B6A8C288959C700F35B61 /* SingletonContainer.swift */; };
		896B6A9128895A9200F35B61 /* ViewModelType.swift in Sources */ = {isa = PBXBuildFile; fileRef = 896B6A9028895A9200F35B61 /* ViewModelType.swift */; };
		896B6A9428895C0D00F35B61 /* MVVMViewController.swift in Sources */ = {isa = PBXBuildFile; fileRef = 896B6A9328895C0D00F35B61 /* MVVMViewController.swift */; };
		896B6A972889609B00F35B61 /* Scene.swift in Sources */ = {isa = PBXBuildFile; fileRef = 896B6A962889609B00F35B61 /* Scene.swift */; };
		896B6A992889615D00F35B61 /* ViewControllerContainer.swift in Sources */ = {isa = PBXBuildFile; fileRef = 896B6A982889615D00F35B61 /* ViewControllerContainer.swift */; };
		896B6A9B2889658200F35B61 /* DetailsViewModel.swift in Sources */ = {isa = PBXBuildFile; fileRef = 896B6A9A2889658200F35B61 /* DetailsViewModel.swift */; };
		89BE8B32287C5C5800957B99 /* AppDelegate.swift in Sources */ = {isa = PBXBuildFile; fileRef = 89BE8B31287C5C5800957B99 /* AppDelegate.swift */; };
		89BE8B34287C5C5800957B99 /* SceneDelegate.swift in Sources */ = {isa = PBXBuildFile; fileRef = 89BE8B33287C5C5800957B99 /* SceneDelegate.swift */; };
		89BE8B36287C5C5800957B99 /* HomeViewController.swift in Sources */ = {isa = PBXBuildFile; fileRef = 89BE8B35287C5C5800957B99 /* HomeViewController.swift */; };
		89BE8B3B287C5C5A00957B99 /* Assets.xcassets in Resources */ = {isa = PBXBuildFile; fileRef = 89BE8B3A287C5C5A00957B99 /* Assets.xcassets */; };
		89BE8B3E287C5C5A00957B99 /* LaunchScreen.storyboard in Resources */ = {isa = PBXBuildFile; fileRef = 89BE8B3C287C5C5A00957B99 /* LaunchScreen.storyboard */; };
		89BE8B48287DA2B600957B99 /* MockData.swift in Sources */ = {isa = PBXBuildFile; fileRef = 89BE8B47287DA2B600957B99 /* MockData.swift */; };
		89BE8B4A287DAC7000957B99 /* HomeViewModel.swift in Sources */ = {isa = PBXBuildFile; fileRef = 89BE8B49287DAC7000957B99 /* HomeViewModel.swift */; };
		89BE8B4C287E9F3D00957B99 /* CustomCollectionViewCell.swift in Sources */ = {isa = PBXBuildFile; fileRef = 89BE8B4B287E9F3D00957B99 /* CustomCollectionViewCell.swift */; };
		89BE8B53287EC3CB00957B99 /* Section.swift in Sources */ = {isa = PBXBuildFile; fileRef = 89BE8B52287EC3CB00957B99 /* Section.swift */; };
		89BE8B57287EF2B600957B99 /* UIViewController+Ext.swift in Sources */ = {isa = PBXBuildFile; fileRef = 89BE8B56287EF2B600957B99 /* UIViewController+Ext.swift */; };
		89BE8B59288004C800957B99 /* LoginViewController.swift in Sources */ = {isa = PBXBuildFile; fileRef = 89BE8B58288004C800957B99 /* LoginViewController.swift */; };
		89BE8B6728801BC100957B99 /* HomeViewModelMapper.swift in Sources */ = {isa = PBXBuildFile; fileRef = 89BE8B6628801BC100957B99 /* HomeViewModelMapper.swift */; };
		89BE8B6C2880228200957B99 /* GetFrameworksUseCase.swift in Sources */ = {isa = PBXBuildFile; fileRef = 89BE8B6B2880228200957B99 /* GetFrameworksUseCase.swift */; };
		89BE8B6F2880239100957B99 /* Framework.swift in Sources */ = {isa = PBXBuildFile; fileRef = 89BE8B6E2880239100957B99 /* Framework.swift */; };
		89BE8B72288023C400957B99 /* FrameworkRepository.swift in Sources */ = {isa = PBXBuildFile; fileRef = 89BE8B71288023C400957B99 /* FrameworkRepository.swift */; };
		89BE8B752880254900957B99 /* FrameworkRepositoryImpl.swift in Sources */ = {isa = PBXBuildFile; fileRef = 89BE8B742880254900957B99 /* FrameworkRepositoryImpl.swift */; };
		89BE8B78288144C000957B99 /* FrameworkService.swift in Sources */ = {isa = PBXBuildFile; fileRef = 89BE8B77288144C000957B99 /* FrameworkService.swift */; };
		89CFA1B628972E0700C66DE6 /* UIImageView+Ext.swift in Sources */ = {isa = PBXBuildFile; fileRef = 89CFA1B528972E0700C66DE6 /* UIImageView+Ext.swift */; };
		89CFA1BA28972E9800C66DE6 /* ImgurService.swift in Sources */ = {isa = PBXBuildFile; fileRef = 89CFA1B928972E9800C66DE6 /* ImgurService.swift */; };
		89CFA1BE28972F7900C66DE6 /* UploadResult.swift in Sources */ = {isa = PBXBuildFile; fileRef = 89CFA1BD28972F7800C66DE6 /* UploadResult.swift */; };
		89CFA1C22897E4DA00C66DE6 /* DetailsViewSnapper.swift in Sources */ = {isa = PBXBuildFile; fileRef = 89CFA1C12897E4DA00C66DE6 /* DetailsViewSnapper.swift */; };
		89DCADF82891282E00C488D4 /* ComicService.swift in Sources */ = {isa = PBXBuildFile; fileRef = 89DCADF72891282E00C488D4 /* ComicService.swift */; };
		89DCADFA28912BFC00C488D4 /* String+Ext.swift in Sources */ = {isa = PBXBuildFile; fileRef = 89DCADF928912BFC00C488D4 /* String+Ext.swift */; };
		89DCADFC289133A200C488D4 /* Dictionary+Ext.swift in Sources */ = {isa = PBXBuildFile; fileRef = 89DCADFB289133A200C488D4 /* Dictionary+Ext.swift */; };
		89DCADFE28914D6B00C488D4 /* Comic.swift in Sources */ = {isa = PBXBuildFile; fileRef = 89DCADFD28914D6B00C488D4 /* Comic.swift */; };
		89DCAE0028914DA700C488D4 /* Date+ISO8601.swift in Sources */ = {isa = PBXBuildFile; fileRef = 89DCADFF28914DA700C488D4 /* Date+ISO8601.swift */; };
		89DCAE0228914F4900C488D4 /* MarvelAPI.swift in Sources */ = {isa = PBXBuildFile; fileRef = 89DCAE0128914F4900C488D4 /* MarvelAPI.swift */; };
		89DCAE042891660B00C488D4 /* GetComicsUseCase.swift in Sources */ = {isa = PBXBuildFile; fileRef = 89DCAE032891660B00C488D4 /* GetComicsUseCase.swift */; };
		89DCAE062891672600C488D4 /* ComicsRepository.swift in Sources */ = {isa = PBXBuildFile; fileRef = 89DCAE052891672600C488D4 /* ComicsRepository.swift */; };
		89DCAE082891676A00C488D4 /* ComicsRepositoryImpl.swift in Sources */ = {isa = PBXBuildFile; fileRef = 89DCAE072891676A00C488D4 /* ComicsRepositoryImpl.swift */; };
		89DCAE0B2892943900C488D4 /* Network.swift in Sources */ = {isa = PBXBuildFile; fileRef = 89DCAE0A2892943900C488D4 /* Network.swift */; };
		89DCAE0D2892952600C488D4 /* Marvel.swift in Sources */ = {isa = PBXBuildFile; fileRef = 89DCAE0C2892952600C488D4 /* Marvel.swift */; };
		89DCAE0F2893E0CB00C488D4 /* APIKeys.swift in Sources */ = {isa = PBXBuildFile; fileRef = 89DCAE0E2893E0CB00C488D4 /* APIKeys.swift */; };
		89DCAE132893E1D400C488D4 /* ImgurAPI.swift in Sources */ = {isa = PBXBuildFile; fileRef = 89DCAE122893E1D400C488D4 /* ImgurAPI.swift */; };
		89DCAE1528941F4500C488D4 /* UIView+Ext.swift in Sources */ = {isa = PBXBuildFile; fileRef = 89DCAE1428941F4500C488D4 /* UIView+Ext.swift */; };
		89DD677A2881A22E007FC491 /* Configurable.swift in Sources */ = {isa = PBXBuildFile; fileRef = 89DD67792881A22E007FC491 /* Configurable.swift */; };
/* End PBXBuildFile section */

/* Begin PBXFileReference section */
		38DC66A034576D22708A3455 /* Pods_TestDynamicCell.framework */ = {isa = PBXFileReference; explicitFileType = wrapper.framework; includeInIndex = 0; path = Pods_TestDynamicCell.framework; sourceTree = BUILT_PRODUCTS_DIR; };
		4EE0B84A02383F8B0AB4B4F2 /* Pods-TestDynamicCell.release.xcconfig */ = {isa = PBXFileReference; includeInIndex = 1; lastKnownFileType = text.xcconfig; name = "Pods-TestDynamicCell.release.xcconfig"; path = "Target Support Files/Pods-TestDynamicCell/Pods-TestDynamicCell.release.xcconfig"; sourceTree = "<group>"; };
		5D6C940F3C12C490F9C2E6D1 /* Pods-TestDynamicCell.debug.xcconfig */ = {isa = PBXFileReference; includeInIndex = 1; lastKnownFileType = text.xcconfig; name = "Pods-TestDynamicCell.debug.xcconfig"; path = "Target Support Files/Pods-TestDynamicCell/Pods-TestDynamicCell.debug.xcconfig"; sourceTree = "<group>"; };
		896B6A812887FEF800F35B61 /* InstanceContainer.swift */ = {isa = PBXFileReference; lastKnownFileType = sourcecode.swift; path = InstanceContainer.swift; sourceTree = "<group>"; };
		896B6A832888132F00F35B61 /* Swinject+Ext.swift */ = {isa = PBXFileReference; lastKnownFileType = sourcecode.swift; path = "Swinject+Ext.swift"; sourceTree = "<group>"; };
		896B6A89288814F100F35B61 /* DetailsViewController.swift */ = {isa = PBXFileReference; lastKnownFileType = sourcecode.swift; path = DetailsViewController.swift; sourceTree = "<group>"; };
		896B6A8C288959C700F35B61 /* SingletonContainer.swift */ = {isa = PBXFileReference; lastKnownFileType = sourcecode.swift; path = SingletonContainer.swift; sourceTree = "<group>"; };
		896B6A9028895A9200F35B61 /* ViewModelType.swift */ = {isa = PBXFileReference; lastKnownFileType = sourcecode.swift; path = ViewModelType.swift; sourceTree = "<group>"; };
		896B6A9328895C0D00F35B61 /* MVVMViewController.swift */ = {isa = PBXFileReference; lastKnownFileType = sourcecode.swift; name = MVVMViewController.swift; path = TestDynamicCell/Common/Protocol/MVVMViewController.swift; sourceTree = SOURCE_ROOT; };
		896B6A962889609B00F35B61 /* Scene.swift */ = {isa = PBXFileReference; lastKnownFileType = sourcecode.swift; path = Scene.swift; sourceTree = "<group>"; };
		896B6A982889615D00F35B61 /* ViewControllerContainer.swift */ = {isa = PBXFileReference; lastKnownFileType = sourcecode.swift; path = ViewControllerContainer.swift; sourceTree = "<group>"; };
		896B6A9A2889658200F35B61 /* DetailsViewModel.swift */ = {isa = PBXFileReference; lastKnownFileType = sourcecode.swift; path = DetailsViewModel.swift; sourceTree = "<group>"; };
		89BE8B2E287C5C5800957B99 /* TestDynamicCell.app */ = {isa = PBXFileReference; explicitFileType = wrapper.application; includeInIndex = 0; path = TestDynamicCell.app; sourceTree = BUILT_PRODUCTS_DIR; };
		89BE8B31287C5C5800957B99 /* AppDelegate.swift */ = {isa = PBXFileReference; lastKnownFileType = sourcecode.swift; path = AppDelegate.swift; sourceTree = "<group>"; };
		89BE8B33287C5C5800957B99 /* SceneDelegate.swift */ = {isa = PBXFileReference; lastKnownFileType = sourcecode.swift; path = SceneDelegate.swift; sourceTree = "<group>"; };
		89BE8B35287C5C5800957B99 /* HomeViewController.swift */ = {isa = PBXFileReference; lastKnownFileType = sourcecode.swift; path = HomeViewController.swift; sourceTree = "<group>"; };
		89BE8B3A287C5C5A00957B99 /* Assets.xcassets */ = {isa = PBXFileReference; lastKnownFileType = folder.assetcatalog; path = Assets.xcassets; sourceTree = "<group>"; };
		89BE8B3D287C5C5A00957B99 /* Base */ = {isa = PBXFileReference; lastKnownFileType = file.storyboard; name = Base; path = Base.lproj/LaunchScreen.storyboard; sourceTree = "<group>"; };
		89BE8B3F287C5C5A00957B99 /* Info.plist */ = {isa = PBXFileReference; lastKnownFileType = text.plist.xml; path = Info.plist; sourceTree = "<group>"; };
		89BE8B47287DA2B600957B99 /* MockData.swift */ = {isa = PBXFileReference; lastKnownFileType = sourcecode.swift; path = MockData.swift; sourceTree = "<group>"; };
		89BE8B49287DAC7000957B99 /* HomeViewModel.swift */ = {isa = PBXFileReference; lastKnownFileType = sourcecode.swift; path = HomeViewModel.swift; sourceTree = "<group>"; };
		89BE8B4B287E9F3D00957B99 /* CustomCollectionViewCell.swift */ = {isa = PBXFileReference; lastKnownFileType = sourcecode.swift; path = CustomCollectionViewCell.swift; sourceTree = "<group>"; };
		89BE8B52287EC3CB00957B99 /* Section.swift */ = {isa = PBXFileReference; lastKnownFileType = sourcecode.swift; path = Section.swift; sourceTree = "<group>"; };
		89BE8B56287EF2B600957B99 /* UIViewController+Ext.swift */ = {isa = PBXFileReference; lastKnownFileType = sourcecode.swift; path = "UIViewController+Ext.swift"; sourceTree = "<group>"; };
		89BE8B58288004C800957B99 /* LoginViewController.swift */ = {isa = PBXFileReference; lastKnownFileType = sourcecode.swift; path = LoginViewController.swift; sourceTree = "<group>"; };
		89BE8B6628801BC100957B99 /* HomeViewModelMapper.swift */ = {isa = PBXFileReference; lastKnownFileType = sourcecode.swift; path = HomeViewModelMapper.swift; sourceTree = "<group>"; };
		89BE8B6B2880228200957B99 /* GetFrameworksUseCase.swift */ = {isa = PBXFileReference; lastKnownFileType = sourcecode.swift; path = GetFrameworksUseCase.swift; sourceTree = "<group>"; };
		89BE8B6E2880239100957B99 /* Framework.swift */ = {isa = PBXFileReference; lastKnownFileType = sourcecode.swift; path = Framework.swift; sourceTree = "<group>"; };
		89BE8B71288023C400957B99 /* FrameworkRepository.swift */ = {isa = PBXFileReference; lastKnownFileType = sourcecode.swift; path = FrameworkRepository.swift; sourceTree = "<group>"; };
		89BE8B742880254900957B99 /* FrameworkRepositoryImpl.swift */ = {isa = PBXFileReference; lastKnownFileType = sourcecode.swift; path = FrameworkRepositoryImpl.swift; sourceTree = "<group>"; };
		89BE8B77288144C000957B99 /* FrameworkService.swift */ = {isa = PBXFileReference; lastKnownFileType = sourcecode.swift; path = FrameworkService.swift; sourceTree = "<group>"; };
		89CFA1B528972E0700C66DE6 /* UIImageView+Ext.swift */ = {isa = PBXFileReference; lastKnownFileType = sourcecode.swift; path = "UIImageView+Ext.swift"; sourceTree = "<group>"; };
		89CFA1B928972E9800C66DE6 /* ImgurService.swift */ = {isa = PBXFileReference; lastKnownFileType = sourcecode.swift; path = ImgurService.swift; sourceTree = "<group>"; };
		89CFA1BD28972F7800C66DE6 /* UploadResult.swift */ = {isa = PBXFileReference; lastKnownFileType = sourcecode.swift; path = UploadResult.swift; sourceTree = "<group>"; };
		89CFA1C12897E4DA00C66DE6 /* DetailsViewSnapper.swift */ = {isa = PBXFileReference; lastKnownFileType = sourcecode.swift; path = DetailsViewSnapper.swift; sourceTree = "<group>"; };
		89DCADF72891282E00C488D4 /* ComicService.swift */ = {isa = PBXFileReference; lastKnownFileType = sourcecode.swift; path = ComicService.swift; sourceTree = "<group>"; };
		89DCADF928912BFC00C488D4 /* String+Ext.swift */ = {isa = PBXFileReference; lastKnownFileType = sourcecode.swift; path = "String+Ext.swift"; sourceTree = "<group>"; };
		89DCADFB289133A200C488D4 /* Dictionary+Ext.swift */ = {isa = PBXFileReference; lastKnownFileType = sourcecode.swift; path = "Dictionary+Ext.swift"; sourceTree = "<group>"; };
		89DCADFD28914D6B00C488D4 /* Comic.swift */ = {isa = PBXFileReference; lastKnownFileType = sourcecode.swift; path = Comic.swift; sourceTree = "<group>"; };
		89DCADFF28914DA700C488D4 /* Date+ISO8601.swift */ = {isa = PBXFileReference; lastKnownFileType = sourcecode.swift; path = "Date+ISO8601.swift"; sourceTree = "<group>"; };
		89DCAE0128914F4900C488D4 /* MarvelAPI.swift */ = {isa = PBXFileReference; lastKnownFileType = sourcecode.swift; path = MarvelAPI.swift; sourceTree = "<group>"; };
		89DCAE032891660B00C488D4 /* GetComicsUseCase.swift */ = {isa = PBXFileReference; lastKnownFileType = sourcecode.swift; path = GetComicsUseCase.swift; sourceTree = "<group>"; };
		89DCAE052891672600C488D4 /* ComicsRepository.swift */ = {isa = PBXFileReference; lastKnownFileType = sourcecode.swift; path = ComicsRepository.swift; sourceTree = "<group>"; };
		89DCAE072891676A00C488D4 /* ComicsRepositoryImpl.swift */ = {isa = PBXFileReference; lastKnownFileType = sourcecode.swift; path = ComicsRepositoryImpl.swift; sourceTree = "<group>"; };
		89DCAE0A2892943900C488D4 /* Network.swift */ = {isa = PBXFileReference; lastKnownFileType = sourcecode.swift; path = Network.swift; sourceTree = "<group>"; };
		89DCAE0C2892952600C488D4 /* Marvel.swift */ = {isa = PBXFileReference; lastKnownFileType = sourcecode.swift; path = Marvel.swift; sourceTree = "<group>"; };
		89DCAE0E2893E0CB00C488D4 /* APIKeys.swift */ = {isa = PBXFileReference; lastKnownFileType = sourcecode.swift; path = APIKeys.swift; sourceTree = "<group>"; };
		89DCAE122893E1D400C488D4 /* ImgurAPI.swift */ = {isa = PBXFileReference; lastKnownFileType = sourcecode.swift; path = ImgurAPI.swift; sourceTree = "<group>"; };
		89DCAE1428941F4500C488D4 /* UIView+Ext.swift */ = {isa = PBXFileReference; lastKnownFileType = sourcecode.swift; path = "UIView+Ext.swift"; sourceTree = "<group>"; };
		89DD67792881A22E007FC491 /* Configurable.swift */ = {isa = PBXFileReference; lastKnownFileType = sourcecode.swift; name = Configurable.swift; path = TestDynamicCell/Home/Data/Service/Configurable.swift; sourceTree = SOURCE_ROOT; };
/* End PBXFileReference section */

/* Begin PBXFrameworksBuildPhase section */
		89BE8B2B287C5C5800957B99 /* Frameworks */ = {
			isa = PBXFrameworksBuildPhase;
			buildActionMask = 2147483647;
			files = (
				355997581D4FCA11B4CE4175 /* Pods_TestDynamicCell.framework in Frameworks */,
			);
			runOnlyForDeploymentPostprocessing = 0;
		};
/* End PBXFrameworksBuildPhase section */

/* Begin PBXGroup section */
		896B6A85288814A000F35B61 /* Details */ = {
			isa = PBXGroup;
			children = (
				89CFA1BB28972F6A00C66DE6 /* Domain */,
				89CFA1B728972E7500C66DE6 /* Data */,
				896B6A86288814BA00F35B61 /* Presentation */,
			);
			path = Details;
			sourceTree = "<group>";
		};
		896B6A86288814BA00F35B61 /* Presentation */ = {
			isa = PBXGroup;
			children = (
				89CFA1C02897E4D100C66DE6 /* Snapper */,
				896B6A89288814F100F35B61 /* DetailsViewController.swift */,
				896B6A9A2889658200F35B61 /* DetailsViewModel.swift */,
			);
			path = Presentation;
			sourceTree = "<group>";
		};
		896B6A8B288959B100F35B61 /* DI */ = {
			isa = PBXGroup;
			children = (
				896B6A812887FEF800F35B61 /* InstanceContainer.swift */,
				896B6A8C288959C700F35B61 /* SingletonContainer.swift */,
				896B6A982889615D00F35B61 /* ViewControllerContainer.swift */,
			);
			path = DI;
			sourceTree = "<group>";
		};
		896B6A9228895BFC00F35B61 /* Base */ = {
			isa = PBXGroup;
			children = (
				896B6A9328895C0D00F35B61 /* MVVMViewController.swift */,
			);
			path = Base;
			sourceTree = "<group>";
		};
		896B6A952889608B00F35B61 /* Router */ = {
			isa = PBXGroup;
			children = (
				896B6A962889609B00F35B61 /* Scene.swift */,
			);
			path = Router;
			sourceTree = "<group>";
		};
		89BE8B25287C5C5800957B99 = {
			isa = PBXGroup;
			children = (
				89BE8B30287C5C5800957B99 /* TestDynamicCell */,
				89BE8B2F287C5C5800957B99 /* Products */,
				AD3EF2D58EDB5D487F00024B /* Pods */,
				F8623D848CEE2A4B76901ED3 /* Frameworks */,
			);
			sourceTree = "<group>";
		};
		89BE8B2F287C5C5800957B99 /* Products */ = {
			isa = PBXGroup;
			children = (
				89BE8B2E287C5C5800957B99 /* TestDynamicCell.app */,
			);
			name = Products;
			sourceTree = "<group>";
		};
		89BE8B30287C5C5800957B99 /* TestDynamicCell */ = {
			isa = PBXGroup;
			children = (
				89DCAE092892942D00C488D4 /* Network */,
				896B6A952889608B00F35B61 /* Router */,
				896B6A8B288959B100F35B61 /* DI */,
				89BE8B6328801A2C00957B99 /* Common */,
				89BE8B622880194C00957B99 /* Login */,
				89BE8B612880193A00957B99 /* Home */,
				896B6A85288814A000F35B61 /* Details */,
				89BE8B4F287EA10900957B99 /* Support */,
				89BE8B3A287C5C5A00957B99 /* Assets.xcassets */,
				89BE8B3F287C5C5A00957B99 /* Info.plist */,
			);
			path = TestDynamicCell;
			sourceTree = "<group>";
		};
		89BE8B4D287EA0CB00957B99 /* Model */ = {
			isa = PBXGroup;
			children = (
				89BE8B47287DA2B600957B99 /* MockData.swift */,
			);
			path = Model;
			sourceTree = "<group>";
		};
		89BE8B4F287EA10900957B99 /* Support */ = {
			isa = PBXGroup;
			children = (
				89BE8B3C287C5C5A00957B99 /* LaunchScreen.storyboard */,
				89BE8B31287C5C5800957B99 /* AppDelegate.swift */,
				89BE8B33287C5C5800957B99 /* SceneDelegate.swift */,
			);
			path = Support;
			sourceTree = "<group>";
		};
		89BE8B55287EF29D00957B99 /* Extensions */ = {
			isa = PBXGroup;
			children = (
				89BE8B56287EF2B600957B99 /* UIViewController+Ext.swift */,
				896B6A832888132F00F35B61 /* Swinject+Ext.swift */,
				89DCADF928912BFC00C488D4 /* String+Ext.swift */,
				89DCADFB289133A200C488D4 /* Dictionary+Ext.swift */,
				89DCADFF28914DA700C488D4 /* Date+ISO8601.swift */,
				89DCAE1428941F4500C488D4 /* UIView+Ext.swift */,
				89CFA1B528972E0700C66DE6 /* UIImageView+Ext.swift */,
			);
			path = Extensions;
			sourceTree = "<group>";
		};
		89BE8B5A2880183800957B99 /* Presentation */ = {
			isa = PBXGroup;
			children = (
				89BE8B6528801BB100957B99 /* Mapper */,
				89BE8B49287DAC7000957B99 /* HomeViewModel.swift */,
				89BE8B35287C5C5800957B99 /* HomeViewController.swift */,
				89BE8B602880190F00957B99 /* ListItems */,
			);
			path = Presentation;
			sourceTree = "<group>";
		};
		89BE8B5B2880183F00957B99 /* Domain */ = {
			isa = PBXGroup;
			children = (
				89BE8B70288023B400957B99 /* Repository */,
				89BE8B5E288018E000957B99 /* UseCase */,
				89BE8B5D288018D300957B99 /* Model */,
			);
			path = Domain;
			sourceTree = "<group>";
		};
		89BE8B5C2880184E00957B99 /* Data */ = {
			isa = PBXGroup;
			children = (
				89BE8B76288144B400957B99 /* Service */,
				89BE8B732880253900957B99 /* Repository */,
				89BE8B4D287EA0CB00957B99 /* Model */,
			);
			path = Data;
			sourceTree = "<group>";
		};
		89BE8B5D288018D300957B99 /* Model */ = {
			isa = PBXGroup;
			children = (
				89BE8B6E2880239100957B99 /* Framework.swift */,
				89BE8B52287EC3CB00957B99 /* Section.swift */,
				89DCADFD28914D6B00C488D4 /* Comic.swift */,
				89DCAE0C2892952600C488D4 /* Marvel.swift */,
			);
			path = Model;
			sourceTree = "<group>";
		};
		89BE8B5E288018E000957B99 /* UseCase */ = {
			isa = PBXGroup;
			children = (
				89BE8B6B2880228200957B99 /* GetFrameworksUseCase.swift */,
				89DCAE032891660B00C488D4 /* GetComicsUseCase.swift */,
			);
			path = UseCase;
			sourceTree = "<group>";
		};
		89BE8B602880190F00957B99 /* ListItems */ = {
			isa = PBXGroup;
			children = (
				89BE8B4B287E9F3D00957B99 /* CustomCollectionViewCell.swift */,
			);
			path = ListItems;
			sourceTree = "<group>";
		};
		89BE8B612880193A00957B99 /* Home */ = {
			isa = PBXGroup;
			children = (
				89BE8B5C2880184E00957B99 /* Data */,
				89BE8B5A2880183800957B99 /* Presentation */,
				89BE8B5B2880183F00957B99 /* Domain */,
			);
			path = Home;
			sourceTree = "<group>";
		};
		89BE8B622880194C00957B99 /* Login */ = {
			isa = PBXGroup;
			children = (
				89BE8B6428801A3D00957B99 /* Presentation */,
			);
			path = Login;
			sourceTree = "<group>";
		};
		89BE8B6328801A2C00957B99 /* Common */ = {
			isa = PBXGroup;
			children = (
				896B6A9228895BFC00F35B61 /* Base */,
				89DD67782881A215007FC491 /* Protocol */,
				89BE8B55287EF29D00957B99 /* Extensions */,
			);
			path = Common;
			sourceTree = "<group>";
		};
		89BE8B6428801A3D00957B99 /* Presentation */ = {
			isa = PBXGroup;
			children = (
				89BE8B58288004C800957B99 /* LoginViewController.swift */,
			);
			path = Presentation;
			sourceTree = "<group>";
		};
		89BE8B6528801BB100957B99 /* Mapper */ = {
			isa = PBXGroup;
			children = (
				89BE8B6628801BC100957B99 /* HomeViewModelMapper.swift */,
			);
			path = Mapper;
			sourceTree = "<group>";
		};
		89BE8B70288023B400957B99 /* Repository */ = {
			isa = PBXGroup;
			children = (
				89BE8B71288023C400957B99 /* FrameworkRepository.swift */,
				89DCAE052891672600C488D4 /* ComicsRepository.swift */,
			);
			path = Repository;
			sourceTree = "<group>";
		};
		89BE8B732880253900957B99 /* Repository */ = {
			isa = PBXGroup;
			children = (
				89BE8B742880254900957B99 /* FrameworkRepositoryImpl.swift */,
				89DCAE072891676A00C488D4 /* ComicsRepositoryImpl.swift */,
			);
			path = Repository;
			sourceTree = "<group>";
		};
		89BE8B76288144B400957B99 /* Service */ = {
			isa = PBXGroup;
			children = (
				89BE8B77288144C000957B99 /* FrameworkService.swift */,
				89DCADF72891282E00C488D4 /* ComicService.swift */,
			);
			path = Service;
			sourceTree = "<group>";
		};
		89CFA1B728972E7500C66DE6 /* Data */ = {
			isa = PBXGroup;
			children = (
				89CFA1B828972E7C00C66DE6 /* Service */,
			);
			path = Data;
			sourceTree = "<group>";
		};
		89CFA1B828972E7C00C66DE6 /* Service */ = {
			isa = PBXGroup;
			children = (
				89CFA1B928972E9800C66DE6 /* ImgurService.swift */,
			);
			path = Service;
			sourceTree = "<group>";
		};
		89CFA1BB28972F6A00C66DE6 /* Domain */ = {
			isa = PBXGroup;
			children = (
				89CFA1BC28972F7300C66DE6 /* Model */,
			);
			path = Domain;
			sourceTree = "<group>";
		};
		89CFA1BC28972F7300C66DE6 /* Model */ = {
			isa = PBXGroup;
			children = (
				89CFA1BD28972F7800C66DE6 /* UploadResult.swift */,
			);
			path = Model;
			sourceTree = "<group>";
		};
		89CFA1C02897E4D100C66DE6 /* Snapper */ = {
			isa = PBXGroup;
			children = (
				89CFA1C12897E4DA00C66DE6 /* DetailsViewSnapper.swift */,
			);
			path = Snapper;
			sourceTree = "<group>";
		};
		89DCAE092892942D00C488D4 /* Network */ = {
			isa = PBXGroup;
			children = (
				89DCAE0A2892943900C488D4 /* Network.swift */,
				89DCAE0128914F4900C488D4 /* MarvelAPI.swift */,
				89DCAE122893E1D400C488D4 /* ImgurAPI.swift */,
				89DCAE0E2893E0CB00C488D4 /* APIKeys.swift */,
			);
			path = Network;
			sourceTree = "<group>";
		};
		89DD67782881A215007FC491 /* Protocol */ = {
			isa = PBXGroup;
			children = (
				89DD67792881A22E007FC491 /* Configurable.swift */,
				896B6A9028895A9200F35B61 /* ViewModelType.swift */,
			);
			path = Protocol;
			sourceTree = "<group>";
		};
		AD3EF2D58EDB5D487F00024B /* Pods */ = {
			isa = PBXGroup;
			children = (
				5D6C940F3C12C490F9C2E6D1 /* Pods-TestDynamicCell.debug.xcconfig */,
				4EE0B84A02383F8B0AB4B4F2 /* Pods-TestDynamicCell.release.xcconfig */,
			);
			path = Pods;
			sourceTree = "<group>";
		};
		F8623D848CEE2A4B76901ED3 /* Frameworks */ = {
			isa = PBXGroup;
			children = (
				38DC66A034576D22708A3455 /* Pods_TestDynamicCell.framework */,
			);
			name = Frameworks;
			sourceTree = "<group>";
		};
/* End PBXGroup section */

/* Begin PBXNativeTarget section */
		89BE8B2D287C5C5800957B99 /* TestDynamicCell */ = {
			isa = PBXNativeTarget;
			buildConfigurationList = 89BE8B42287C5C5A00957B99 /* Build configuration list for PBXNativeTarget "TestDynamicCell" */;
			buildPhases = (
				AE71303906EB2085132DC633 /* [CP] Check Pods Manifest.lock */,
				89BE8B2A287C5C5800957B99 /* Sources */,
				89BE8B2B287C5C5800957B99 /* Frameworks */,
				89BE8B2C287C5C5800957B99 /* Resources */,
				E867F5E02ED7E3C9C8CA5FF9 /* [CP] Embed Pods Frameworks */,
			);
			buildRules = (
			);
			dependencies = (
			);
			name = TestDynamicCell;
			productName = TestDynamicCell;
			productReference = 89BE8B2E287C5C5800957B99 /* TestDynamicCell.app */;
			productType = "com.apple.product-type.application";
		};
/* End PBXNativeTarget section */

/* Begin PBXProject section */
		89BE8B26287C5C5800957B99 /* Project object */ = {
			isa = PBXProject;
			attributes = {
				BuildIndependentTargetsInParallel = 1;
				LastSwiftUpdateCheck = 1340;
				LastUpgradeCheck = 1340;
				TargetAttributes = {
					89BE8B2D287C5C5800957B99 = {
						CreatedOnToolsVersion = 13.4.1;
					};
				};
			};
			buildConfigurationList = 89BE8B29287C5C5800957B99 /* Build configuration list for PBXProject "TestDynamicCell" */;
			compatibilityVersion = "Xcode 13.0";
			developmentRegion = en;
			hasScannedForEncodings = 0;
			knownRegions = (
				en,
				Base,
			);
			mainGroup = 89BE8B25287C5C5800957B99;
			productRefGroup = 89BE8B2F287C5C5800957B99 /* Products */;
			projectDirPath = "";
			projectRoot = "";
			targets = (
				89BE8B2D287C5C5800957B99 /* TestDynamicCell */,
			);
		};
/* End PBXProject section */

/* Begin PBXResourcesBuildPhase section */
		89BE8B2C287C5C5800957B99 /* Resources */ = {
			isa = PBXResourcesBuildPhase;
			buildActionMask = 2147483647;
			files = (
				89BE8B3E287C5C5A00957B99 /* LaunchScreen.storyboard in Resources */,
				89BE8B3B287C5C5A00957B99 /* Assets.xcassets in Resources */,
			);
			runOnlyForDeploymentPostprocessing = 0;
		};
/* End PBXResourcesBuildPhase section */

/* Begin PBXShellScriptBuildPhase section */
		AE71303906EB2085132DC633 /* [CP] Check Pods Manifest.lock */ = {
			isa = PBXShellScriptBuildPhase;
			buildActionMask = 2147483647;
			files = (
			);
			inputFileListPaths = (
			);
			inputPaths = (
				"${PODS_PODFILE_DIR_PATH}/Podfile.lock",
				"${PODS_ROOT}/Manifest.lock",
			);
			name = "[CP] Check Pods Manifest.lock";
			outputFileListPaths = (
			);
			outputPaths = (
				"$(DERIVED_FILE_DIR)/Pods-TestDynamicCell-checkManifestLockResult.txt",
			);
			runOnlyForDeploymentPostprocessing = 0;
			shellPath = /bin/sh;
			shellScript = "diff \"${PODS_PODFILE_DIR_PATH}/Podfile.lock\" \"${PODS_ROOT}/Manifest.lock\" > /dev/null\nif [ $? != 0 ] ; then\n    # print error to STDERR\n    echo \"error: The sandbox is not in sync with the Podfile.lock. Run 'pod install' or update your CocoaPods installation.\" >&2\n    exit 1\nfi\n# This output is used by Xcode 'outputs' to avoid re-running this script phase.\necho \"SUCCESS\" > \"${SCRIPT_OUTPUT_FILE_0}\"\n";
			showEnvVarsInLog = 0;
		};
		E867F5E02ED7E3C9C8CA5FF9 /* [CP] Embed Pods Frameworks */ = {
			isa = PBXShellScriptBuildPhase;
			buildActionMask = 2147483647;
			files = (
			);
			inputFileListPaths = (
				"${PODS_ROOT}/Target Support Files/Pods-TestDynamicCell/Pods-TestDynamicCell-frameworks-${CONFIGURATION}-input-files.xcfilelist",
			);
			name = "[CP] Embed Pods Frameworks";
			outputFileListPaths = (
				"${PODS_ROOT}/Target Support Files/Pods-TestDynamicCell/Pods-TestDynamicCell-frameworks-${CONFIGURATION}-output-files.xcfilelist",
			);
			runOnlyForDeploymentPostprocessing = 0;
			shellPath = /bin/sh;
			shellScript = "\"${PODS_ROOT}/Target Support Files/Pods-TestDynamicCell/Pods-TestDynamicCell-frameworks.sh\"\n";
			showEnvVarsInLog = 0;
		};
/* End PBXShellScriptBuildPhase section */

/* Begin PBXSourcesBuildPhase section */
		89BE8B2A287C5C5800957B99 /* Sources */ = {
			isa = PBXSourcesBuildPhase;
			buildActionMask = 2147483647;
			files = (
				896B6A9128895A9200F35B61 /* ViewModelType.swift in Sources */,
				89BE8B78288144C000957B99 /* FrameworkService.swift in Sources */,
				89DCAE0028914DA700C488D4 /* Date+ISO8601.swift in Sources */,
				89BE8B59288004C800957B99 /* LoginViewController.swift in Sources */,
				89DD677A2881A22E007FC491 /* Configurable.swift in Sources */,
				89DCAE082891676A00C488D4 /* ComicsRepositoryImpl.swift in Sources */,
				89DCAE0228914F4900C488D4 /* MarvelAPI.swift in Sources */,
				89DCAE042891660B00C488D4 /* GetComicsUseCase.swift in Sources */,
				89DCADF82891282E00C488D4 /* ComicService.swift in Sources */,
				89DCAE132893E1D400C488D4 /* ImgurAPI.swift in Sources */,
				89BE8B36287C5C5800957B99 /* HomeViewController.swift in Sources */,
				89BE8B752880254900957B99 /* FrameworkRepositoryImpl.swift in Sources */,
				89BE8B4A287DAC7000957B99 /* HomeViewModel.swift in Sources */,
				89DCAE0D2892952600C488D4 /* Marvel.swift in Sources */,
				896B6A842888132F00F35B61 /* Swinject+Ext.swift in Sources */,
				89DCADFC289133A200C488D4 /* Dictionary+Ext.swift in Sources */,
				89DCAE0B2892943900C488D4 /* Network.swift in Sources */,
				89BE8B53287EC3CB00957B99 /* Section.swift in Sources */,
				89BE8B6F2880239100957B99 /* Framework.swift in Sources */,
				89BE8B6C2880228200957B99 /* GetFrameworksUseCase.swift in Sources */,
				89BE8B6728801BC100957B99 /* HomeViewModelMapper.swift in Sources */,
				89BE8B48287DA2B600957B99 /* MockData.swift in Sources */,
				89BE8B4C287E9F3D00957B99 /* CustomCollectionViewCell.swift in Sources */,
				896B6A822887FEF800F35B61 /* InstanceContainer.swift in Sources */,
				89BE8B32287C5C5800957B99 /* AppDelegate.swift in Sources */,
				89CFA1B628972E0700C66DE6 /* UIImageView+Ext.swift in Sources */,
				89DCADFE28914D6B00C488D4 /* Comic.swift in Sources */,
				89CFA1BA28972E9800C66DE6 /* ImgurService.swift in Sources */,
				896B6A8D288959C700F35B61 /* SingletonContainer.swift in Sources */,
				89DCAE062891672600C488D4 /* ComicsRepository.swift in Sources */,
				896B6A9B2889658200F35B61 /* DetailsViewModel.swift in Sources */,
				89BE8B57287EF2B600957B99 /* UIViewController+Ext.swift in Sources */,
				89BE8B34287C5C5800957B99 /* SceneDelegate.swift in Sources */,
				89DCAE0F2893E0CB00C488D4 /* APIKeys.swift in Sources */,
				89DCADFA28912BFC00C488D4 /* String+Ext.swift in Sources */,
				896B6A972889609B00F35B61 /* Scene.swift in Sources */,
				896B6A9428895C0D00F35B61 /* MVVMViewController.swift in Sources */,
				89CFA1C22897E4DA00C66DE6 /* DetailsViewSnapper.swift in Sources */,
				89CFA1BE28972F7900C66DE6 /* UploadResult.swift in Sources */,
				89DCAE1528941F4500C488D4 /* UIView+Ext.swift in Sources */,
				89BE8B72288023C400957B99 /* FrameworkRepository.swift in Sources */,
				896B6A8A288814F100F35B61 /* DetailsViewController.swift in Sources */,
				896B6A992889615D00F35B61 /* ViewControllerContainer.swift in Sources */,
			);
			runOnlyForDeploymentPostprocessing = 0;
		};
/* End PBXSourcesBuildPhase section */

/* Begin PBXVariantGroup section */
		89BE8B3C287C5C5A00957B99 /* LaunchScreen.storyboard */ = {
			isa = PBXVariantGroup;
			children = (
				89BE8B3D287C5C5A00957B99 /* Base */,
			);
			name = LaunchScreen.storyboard;
			sourceTree = "<group>";
		};
/* End PBXVariantGroup section */

/* Begin XCBuildConfiguration section */
		89BE8B40287C5C5A00957B99 /* Debug */ = {
			isa = XCBuildConfiguration;
			buildSettings = {
				ALWAYS_SEARCH_USER_PATHS = NO;
				CLANG_ANALYZER_NONNULL = YES;
				CLANG_ANALYZER_NUMBER_OBJECT_CONVERSION = YES_AGGRESSIVE;
				CLANG_CXX_LANGUAGE_STANDARD = "gnu++17";
				CLANG_ENABLE_MODULES = YES;
				CLANG_ENABLE_OBJC_ARC = YES;
				CLANG_ENABLE_OBJC_WEAK = YES;
				CLANG_WARN_BLOCK_CAPTURE_AUTORELEASING = YES;
				CLANG_WARN_BOOL_CONVERSION = YES;
				CLANG_WARN_COMMA = YES;
				CLANG_WARN_CONSTANT_CONVERSION = YES;
				CLANG_WARN_DEPRECATED_OBJC_IMPLEMENTATIONS = YES;
				CLANG_WARN_DIRECT_OBJC_ISA_USAGE = YES_ERROR;
				CLANG_WARN_DOCUMENTATION_COMMENTS = YES;
				CLANG_WARN_EMPTY_BODY = YES;
				CLANG_WARN_ENUM_CONVERSION = YES;
				CLANG_WARN_INFINITE_RECURSION = YES;
				CLANG_WARN_INT_CONVERSION = YES;
				CLANG_WARN_NON_LITERAL_NULL_CONVERSION = YES;
				CLANG_WARN_OBJC_IMPLICIT_RETAIN_SELF = YES;
				CLANG_WARN_OBJC_LITERAL_CONVERSION = YES;
				CLANG_WARN_OBJC_ROOT_CLASS = YES_ERROR;
				CLANG_WARN_QUOTED_INCLUDE_IN_FRAMEWORK_HEADER = YES;
				CLANG_WARN_RANGE_LOOP_ANALYSIS = YES;
				CLANG_WARN_STRICT_PROTOTYPES = YES;
				CLANG_WARN_SUSPICIOUS_MOVE = YES;
				CLANG_WARN_UNGUARDED_AVAILABILITY = YES_AGGRESSIVE;
				CLANG_WARN_UNREACHABLE_CODE = YES;
				CLANG_WARN__DUPLICATE_METHOD_MATCH = YES;
				COPY_PHASE_STRIP = NO;
				DEBUG_INFORMATION_FORMAT = dwarf;
				ENABLE_STRICT_OBJC_MSGSEND = YES;
				ENABLE_TESTABILITY = YES;
				GCC_C_LANGUAGE_STANDARD = gnu11;
				GCC_DYNAMIC_NO_PIC = NO;
				GCC_NO_COMMON_BLOCKS = YES;
				GCC_OPTIMIZATION_LEVEL = 0;
				GCC_PREPROCESSOR_DEFINITIONS = (
					"DEBUG=1",
					"$(inherited)",
				);
				GCC_WARN_64_TO_32_BIT_CONVERSION = YES;
				GCC_WARN_ABOUT_RETURN_TYPE = YES_ERROR;
				GCC_WARN_UNDECLARED_SELECTOR = YES;
				GCC_WARN_UNINITIALIZED_AUTOS = YES_AGGRESSIVE;
				GCC_WARN_UNUSED_FUNCTION = YES;
				GCC_WARN_UNUSED_VARIABLE = YES;
				IPHONEOS_DEPLOYMENT_TARGET = 15.3;
				MTL_ENABLE_DEBUG_INFO = INCLUDE_SOURCE;
				MTL_FAST_MATH = YES;
				ONLY_ACTIVE_ARCH = YES;
				SDKROOT = iphoneos;
				SWIFT_ACTIVE_COMPILATION_CONDITIONS = DEBUG;
				SWIFT_OPTIMIZATION_LEVEL = "-Onone";
			};
			name = Debug;
		};
		89BE8B41287C5C5A00957B99 /* Release */ = {
			isa = XCBuildConfiguration;
			buildSettings = {
				ALWAYS_SEARCH_USER_PATHS = NO;
				CLANG_ANALYZER_NONNULL = YES;
				CLANG_ANALYZER_NUMBER_OBJECT_CONVERSION = YES_AGGRESSIVE;
				CLANG_CXX_LANGUAGE_STANDARD = "gnu++17";
				CLANG_ENABLE_MODULES = YES;
				CLANG_ENABLE_OBJC_ARC = YES;
				CLANG_ENABLE_OBJC_WEAK = YES;
				CLANG_WARN_BLOCK_CAPTURE_AUTORELEASING = YES;
				CLANG_WARN_BOOL_CONVERSION = YES;
				CLANG_WARN_COMMA = YES;
				CLANG_WARN_CONSTANT_CONVERSION = YES;
				CLANG_WARN_DEPRECATED_OBJC_IMPLEMENTATIONS = YES;
				CLANG_WARN_DIRECT_OBJC_ISA_USAGE = YES_ERROR;
				CLANG_WARN_DOCUMENTATION_COMMENTS = YES;
				CLANG_WARN_EMPTY_BODY = YES;
				CLANG_WARN_ENUM_CONVERSION = YES;
				CLANG_WARN_INFINITE_RECURSION = YES;
				CLANG_WARN_INT_CONVERSION = YES;
				CLANG_WARN_NON_LITERAL_NULL_CONVERSION = YES;
				CLANG_WARN_OBJC_IMPLICIT_RETAIN_SELF = YES;
				CLANG_WARN_OBJC_LITERAL_CONVERSION = YES;
				CLANG_WARN_OBJC_ROOT_CLASS = YES_ERROR;
				CLANG_WARN_QUOTED_INCLUDE_IN_FRAMEWORK_HEADER = YES;
				CLANG_WARN_RANGE_LOOP_ANALYSIS = YES;
				CLANG_WARN_STRICT_PROTOTYPES = YES;
				CLANG_WARN_SUSPICIOUS_MOVE = YES;
				CLANG_WARN_UNGUARDED_AVAILABILITY = YES_AGGRESSIVE;
				CLANG_WARN_UNREACHABLE_CODE = YES;
				CLANG_WARN__DUPLICATE_METHOD_MATCH = YES;
				COPY_PHASE_STRIP = NO;
				DEBUG_INFORMATION_FORMAT = "dwarf-with-dsym";
				ENABLE_NS_ASSERTIONS = NO;
				ENABLE_STRICT_OBJC_MSGSEND = YES;
				GCC_C_LANGUAGE_STANDARD = gnu11;
				GCC_NO_COMMON_BLOCKS = YES;
				GCC_WARN_64_TO_32_BIT_CONVERSION = YES;
				GCC_WARN_ABOUT_RETURN_TYPE = YES_ERROR;
				GCC_WARN_UNDECLARED_SELECTOR = YES;
				GCC_WARN_UNINITIALIZED_AUTOS = YES_AGGRESSIVE;
				GCC_WARN_UNUSED_FUNCTION = YES;
				GCC_WARN_UNUSED_VARIABLE = YES;
				IPHONEOS_DEPLOYMENT_TARGET = 15.3;
				MTL_ENABLE_DEBUG_INFO = NO;
				MTL_FAST_MATH = YES;
				SDKROOT = iphoneos;
				SWIFT_COMPILATION_MODE = wholemodule;
				SWIFT_OPTIMIZATION_LEVEL = "-O";
				VALIDATE_PRODUCT = YES;
			};
			name = Release;
		};
		89BE8B43287C5C5A00957B99 /* Debug */ = {
			isa = XCBuildConfiguration;
			baseConfigurationReference = 5D6C940F3C12C490F9C2E6D1 /* Pods-TestDynamicCell.debug.xcconfig */;
			buildSettings = {
				ASSETCATALOG_COMPILER_APPICON_NAME = AppIcon;
				ASSETCATALOG_COMPILER_GLOBAL_ACCENT_COLOR_NAME = AccentColor;
				CODE_SIGN_STYLE = Automatic;
				CURRENT_PROJECT_VERSION = 1;
				DEVELOPMENT_TEAM = Y7K7KKB2V4;
				GENERATE_INFOPLIST_FILE = YES;
				INFOPLIST_FILE = TestDynamicCell/Info.plist;
				INFOPLIST_KEY_UIApplicationSupportsIndirectInputEvents = YES;
				INFOPLIST_KEY_UILaunchStoryboardName = LaunchScreen;
				INFOPLIST_KEY_UIMainStoryboardFile = "";
				INFOPLIST_KEY_UISupportedInterfaceOrientations_iPad = "UIInterfaceOrientationPortrait UIInterfaceOrientationPortraitUpsideDown UIInterfaceOrientationLandscapeLeft UIInterfaceOrientationLandscapeRight";
				INFOPLIST_KEY_UISupportedInterfaceOrientations_iPhone = "UIInterfaceOrientationPortrait UIInterfaceOrientationLandscapeLeft UIInterfaceOrientationLandscapeRight";
				LD_RUNPATH_SEARCH_PATHS = (
					"$(inherited)",
					"@executable_path/Frameworks",
				);
				MARKETING_VERSION = 1.0;
				PRODUCT_BUNDLE_IDENTIFIER = com.andelkov.TestDynamicCell;
				PRODUCT_NAME = "$(TARGET_NAME)";
				SWIFT_EMIT_LOC_STRINGS = YES;
				SWIFT_VERSION = 5.0;
				TARGETED_DEVICE_FAMILY = "1,2";
			};
			name = Debug;
		};
		89BE8B44287C5C5A00957B99 /* Release */ = {
			isa = XCBuildConfiguration;
			baseConfigurationReference = 4EE0B84A02383F8B0AB4B4F2 /* Pods-TestDynamicCell.release.xcconfig */;
			buildSettings = {
				ASSETCATALOG_COMPILER_APPICON_NAME = AppIcon;
				ASSETCATALOG_COMPILER_GLOBAL_ACCENT_COLOR_NAME = AccentColor;
				CODE_SIGN_STYLE = Automatic;
				CURRENT_PROJECT_VERSION = 1;
				DEVELOPMENT_TEAM = Y7K7KKB2V4;
				GENERATE_INFOPLIST_FILE = YES;
				INFOPLIST_FILE = TestDynamicCell/Info.plist;
				INFOPLIST_KEY_UIApplicationSupportsIndirectInputEvents = YES;
				INFOPLIST_KEY_UILaunchStoryboardName = LaunchScreen;
				INFOPLIST_KEY_UIMainStoryboardFile = "";
				INFOPLIST_KEY_UISupportedInterfaceOrientations_iPad = "UIInterfaceOrientationPortrait UIInterfaceOrientationPortraitUpsideDown UIInterfaceOrientationLandscapeLeft UIInterfaceOrientationLandscapeRight";
				INFOPLIST_KEY_UISupportedInterfaceOrientations_iPhone = "UIInterfaceOrientationPortrait UIInterfaceOrientationLandscapeLeft UIInterfaceOrientationLandscapeRight";
				LD_RUNPATH_SEARCH_PATHS = (
					"$(inherited)",
					"@executable_path/Frameworks",
				);
				MARKETING_VERSION = 1.0;
				PRODUCT_BUNDLE_IDENTIFIER = com.andelkov.TestDynamicCell;
				PRODUCT_NAME = "$(TARGET_NAME)";
				SWIFT_EMIT_LOC_STRINGS = YES;
				SWIFT_VERSION = 5.0;
				TARGETED_DEVICE_FAMILY = "1,2";
			};
			name = Release;
		};
/* End XCBuildConfiguration section */

/* Begin XCConfigurationList section */
		89BE8B29287C5C5800957B99 /* Build configuration list for PBXProject "TestDynamicCell" */ = {
			isa = XCConfigurationList;
			buildConfigurations = (
				89BE8B40287C5C5A00957B99 /* Debug */,
				89BE8B41287C5C5A00957B99 /* Release */,
			);
			defaultConfigurationIsVisible = 0;
			defaultConfigurationName = Release;
		};
		89BE8B42287C5C5A00957B99 /* Build configuration list for PBXNativeTarget "TestDynamicCell" */ = {
			isa = XCConfigurationList;
			buildConfigurations = (
				89BE8B43287C5C5A00957B99 /* Debug */,
				89BE8B44287C5C5A00957B99 /* Release */,
			);
			defaultConfigurationIsVisible = 0;
			defaultConfigurationName = Release;
		};
/* End XCConfigurationList section */
	};
	rootObject = 89BE8B26287C5C5800957B99 /* Project object */;
}
