// !$*UTF8*$!
{
	archiveVersion = 1;
	classes = {
	};
	objectVersion = 55;
	objects = {

/* Begin PBXBuildFile section */
		89BE8B32287C5C5800957B99 /* AppDelegate.swift in Sources */ = {isa = PBXBuildFile; fileRef = 89BE8B31287C5C5800957B99 /* AppDelegate.swift */; };
		89BE8B34287C5C5800957B99 /* SceneDelegate.swift in Sources */ = {isa = PBXBuildFile; fileRef = 89BE8B33287C5C5800957B99 /* SceneDelegate.swift */; };
		89BE8B36287C5C5800957B99 /* HomeViewController.swift in Sources */ = {isa = PBXBuildFile; fileRef = 89BE8B35287C5C5800957B99 /* HomeViewController.swift */; };
		89BE8B39287C5C5800957B99 /* Main.storyboard in Resources */ = {isa = PBXBuildFile; fileRef = 89BE8B37287C5C5800957B99 /* Main.storyboard */; };
		89BE8B3B287C5C5A00957B99 /* Assets.xcassets in Resources */ = {isa = PBXBuildFile; fileRef = 89BE8B3A287C5C5A00957B99 /* Assets.xcassets */; };
		89BE8B3E287C5C5A00957B99 /* LaunchScreen.storyboard in Resources */ = {isa = PBXBuildFile; fileRef = 89BE8B3C287C5C5A00957B99 /* LaunchScreen.storyboard */; };
		89BE8B48287DA2B600957B99 /* MockData.swift in Sources */ = {isa = PBXBuildFile; fileRef = 89BE8B47287DA2B600957B99 /* MockData.swift */; };
		89BE8B4A287DAC7000957B99 /* HomeViewModel.swift in Sources */ = {isa = PBXBuildFile; fileRef = 89BE8B49287DAC7000957B99 /* HomeViewModel.swift */; };
		89BE8B4C287E9F3D00957B99 /* CustomCollectionViewCell.swift in Sources */ = {isa = PBXBuildFile; fileRef = 89BE8B4B287E9F3D00957B99 /* CustomCollectionViewCell.swift */; };
		89BE8B53287EC3CB00957B99 /* OrganizedData.swift in Sources */ = {isa = PBXBuildFile; fileRef = 89BE8B52287EC3CB00957B99 /* OrganizedData.swift */; };
		89BE8B57287EF2B600957B99 /* UIViewController+Ext.swift in Sources */ = {isa = PBXBuildFile; fileRef = 89BE8B56287EF2B600957B99 /* UIViewController+Ext.swift */; };
		89BE8B59288004C800957B99 /* LoginViewController.swift in Sources */ = {isa = PBXBuildFile; fileRef = 89BE8B58288004C800957B99 /* LoginViewController.swift */; };
/* End PBXBuildFile section */

/* Begin PBXFileReference section */
		89BE8B2E287C5C5800957B99 /* TestDynamicCell.app */ = {isa = PBXFileReference; explicitFileType = wrapper.application; includeInIndex = 0; path = TestDynamicCell.app; sourceTree = BUILT_PRODUCTS_DIR; };
		89BE8B31287C5C5800957B99 /* AppDelegate.swift */ = {isa = PBXFileReference; lastKnownFileType = sourcecode.swift; path = AppDelegate.swift; sourceTree = "<group>"; };
		89BE8B33287C5C5800957B99 /* SceneDelegate.swift */ = {isa = PBXFileReference; lastKnownFileType = sourcecode.swift; path = SceneDelegate.swift; sourceTree = "<group>"; };
		89BE8B35287C5C5800957B99 /* HomeViewController.swift */ = {isa = PBXFileReference; lastKnownFileType = sourcecode.swift; path = HomeViewController.swift; sourceTree = "<group>"; };
		89BE8B38287C5C5800957B99 /* Base */ = {isa = PBXFileReference; lastKnownFileType = file.storyboard; name = Base; path = Base.lproj/Main.storyboard; sourceTree = "<group>"; };
		89BE8B3A287C5C5A00957B99 /* Assets.xcassets */ = {isa = PBXFileReference; lastKnownFileType = folder.assetcatalog; path = Assets.xcassets; sourceTree = "<group>"; };
		89BE8B3D287C5C5A00957B99 /* Base */ = {isa = PBXFileReference; lastKnownFileType = file.storyboard; name = Base; path = Base.lproj/LaunchScreen.storyboard; sourceTree = "<group>"; };
		89BE8B3F287C5C5A00957B99 /* Info.plist */ = {isa = PBXFileReference; lastKnownFileType = text.plist.xml; path = Info.plist; sourceTree = "<group>"; };
		89BE8B47287DA2B600957B99 /* MockData.swift */ = {isa = PBXFileReference; lastKnownFileType = sourcecode.swift; path = MockData.swift; sourceTree = "<group>"; };
		89BE8B49287DAC7000957B99 /* HomeViewModel.swift */ = {isa = PBXFileReference; lastKnownFileType = sourcecode.swift; path = HomeViewModel.swift; sourceTree = "<group>"; };
		89BE8B4B287E9F3D00957B99 /* CustomCollectionViewCell.swift */ = {isa = PBXFileReference; lastKnownFileType = sourcecode.swift; path = CustomCollectionViewCell.swift; sourceTree = "<group>"; };
		89BE8B52287EC3CB00957B99 /* OrganizedData.swift */ = {isa = PBXFileReference; lastKnownFileType = sourcecode.swift; path = OrganizedData.swift; sourceTree = "<group>"; };
		89BE8B56287EF2B600957B99 /* UIViewController+Ext.swift */ = {isa = PBXFileReference; lastKnownFileType = sourcecode.swift; path = "UIViewController+Ext.swift"; sourceTree = "<group>"; };
		89BE8B58288004C800957B99 /* LoginViewController.swift */ = {isa = PBXFileReference; lastKnownFileType = sourcecode.swift; path = LoginViewController.swift; sourceTree = "<group>"; };
/* End PBXFileReference section */

/* Begin PBXFrameworksBuildPhase section */
		89BE8B2B287C5C5800957B99 /* Frameworks */ = {
			isa = PBXFrameworksBuildPhase;
			buildActionMask = 2147483647;
			files = (
			);
			runOnlyForDeploymentPostprocessing = 0;
		};
/* End PBXFrameworksBuildPhase section */

/* Begin PBXGroup section */
		89BE8B25287C5C5800957B99 = {
			isa = PBXGroup;
			children = (
				89BE8B30287C5C5800957B99 /* TestDynamicCell */,
				89BE8B2F287C5C5800957B99 /* Products */,
			);
			sourceTree = "<group>";
		};
		89BE8B2F287C5C5800957B99 /* Products */ = {
			isa = PBXGroup;
			children = (
				89BE8B2E287C5C5800957B99 /* TestDynamicCell.app */,
			);
			name = Products;
			sourceTree = "<group>";
		};
		89BE8B30287C5C5800957B99 /* TestDynamicCell */ = {
			isa = PBXGroup;
			children = (
				89BE8B55287EF29D00957B99 /* Extensions */,
				89BE8B4E287EA0E100957B99 /* View */,
				89BE8B4D287EA0CB00957B99 /* Model */,
				89BE8B54287EE59600957B99 /* ViewModel */,
				89BE8B4F287EA10900957B99 /* Support */,
				89BE8B3F287C5C5A00957B99 /* Info.plist */,
			);
			path = TestDynamicCell;
			sourceTree = "<group>";
		};
		89BE8B4D287EA0CB00957B99 /* Model */ = {
			isa = PBXGroup;
			children = (
				89BE8B47287DA2B600957B99 /* MockData.swift */,
				89BE8B52287EC3CB00957B99 /* OrganizedData.swift */,
				89BE8B3A287C5C5A00957B99 /* Assets.xcassets */,
			);
			path = Model;
			sourceTree = "<group>";
		};
		89BE8B4E287EA0E100957B99 /* View */ = {
			isa = PBXGroup;
			children = (
				89BE8B35287C5C5800957B99 /* HomeViewController.swift */,
				89BE8B4B287E9F3D00957B99 /* CustomCollectionViewCell.swift */,
				89BE8B58288004C800957B99 /* LoginViewController.swift */,
			);
			path = View;
			sourceTree = "<group>";
		};
		89BE8B4F287EA10900957B99 /* Support */ = {
			isa = PBXGroup;
			children = (
				89BE8B37287C5C5800957B99 /* Main.storyboard */,
				89BE8B3C287C5C5A00957B99 /* LaunchScreen.storyboard */,
				89BE8B31287C5C5800957B99 /* AppDelegate.swift */,
				89BE8B33287C5C5800957B99 /* SceneDelegate.swift */,
			);
			path = Support;
			sourceTree = "<group>";
		};
		89BE8B54287EE59600957B99 /* ViewModel */ = {
			isa = PBXGroup;
			children = (
				89BE8B49287DAC7000957B99 /* HomeViewModel.swift */,
			);
			path = ViewModel;
			sourceTree = "<group>";
		};
		89BE8B55287EF29D00957B99 /* Extensions */ = {
			isa = PBXGroup;
			children = (
				89BE8B56287EF2B600957B99 /* UIViewController+Ext.swift */,
			);
			path = Extensions;
			sourceTree = "<group>";
		};
/* End PBXGroup section */

/* Begin PBXNativeTarget section */
		89BE8B2D287C5C5800957B99 /* TestDynamicCell */ = {
			isa = PBXNativeTarget;
			buildConfigurationList = 89BE8B42287C5C5A00957B99 /* Build configuration list for PBXNativeTarget "TestDynamicCell" */;
			buildPhases = (
				89BE8B2A287C5C5800957B99 /* Sources */,
				89BE8B2B287C5C5800957B99 /* Frameworks */,
				89BE8B2C287C5C5800957B99 /* Resources */,
			);
			buildRules = (
			);
			dependencies = (
			);
			name = TestDynamicCell;
			productName = TestDynamicCell;
			productReference = 89BE8B2E287C5C5800957B99 /* TestDynamicCell.app */;
			productType = "com.apple.product-type.application";
		};
/* End PBXNativeTarget section */

/* Begin PBXProject section */
		89BE8B26287C5C5800957B99 /* Project object */ = {
			isa = PBXProject;
			attributes = {
				BuildIndependentTargetsInParallel = 1;
				LastSwiftUpdateCheck = 1340;
				LastUpgradeCheck = 1340;
				TargetAttributes = {
					89BE8B2D287C5C5800957B99 = {
						CreatedOnToolsVersion = 13.4.1;
					};
				};
			};
			buildConfigurationList = 89BE8B29287C5C5800957B99 /* Build configuration list for PBXProject "TestDynamicCell" */;
			compatibilityVersion = "Xcode 13.0";
			developmentRegion = en;
			hasScannedForEncodings = 0;
			knownRegions = (
				en,
				Base,
			);
			mainGroup = 89BE8B25287C5C5800957B99;
			productRefGroup = 89BE8B2F287C5C5800957B99 /* Products */;
			projectDirPath = "";
			projectRoot = "";
			targets = (
				89BE8B2D287C5C5800957B99 /* TestDynamicCell */,
			);
		};
/* End PBXProject section */

/* Begin PBXResourcesBuildPhase section */
		89BE8B2C287C5C5800957B99 /* Resources */ = {
			isa = PBXResourcesBuildPhase;
			buildActionMask = 2147483647;
			files = (
				89BE8B3E287C5C5A00957B99 /* LaunchScreen.storyboard in Resources */,
				89BE8B3B287C5C5A00957B99 /* Assets.xcassets in Resources */,
				89BE8B39287C5C5800957B99 /* Main.storyboard in Resources */,
			);
			runOnlyForDeploymentPostprocessing = 0;
		};
/* End PBXResourcesBuildPhase section */

/* Begin PBXSourcesBuildPhase section */
		89BE8B2A287C5C5800957B99 /* Sources */ = {
			isa = PBXSourcesBuildPhase;
			buildActionMask = 2147483647;
			files = (
				89BE8B59288004C800957B99 /* LoginViewController.swift in Sources */,
				89BE8B36287C5C5800957B99 /* HomeViewController.swift in Sources */,
				89BE8B4A287DAC7000957B99 /* HomeViewModel.swift in Sources */,
				89BE8B53287EC3CB00957B99 /* OrganizedData.swift in Sources */,
				89BE8B48287DA2B600957B99 /* MockData.swift in Sources */,
				89BE8B4C287E9F3D00957B99 /* CustomCollectionViewCell.swift in Sources */,
				89BE8B32287C5C5800957B99 /* AppDelegate.swift in Sources */,
				89BE8B57287EF2B600957B99 /* UIViewController+Ext.swift in Sources */,
				89BE8B34287C5C5800957B99 /* SceneDelegate.swift in Sources */,
			);
			runOnlyForDeploymentPostprocessing = 0;
		};
/* End PBXSourcesBuildPhase section */

/* Begin PBXVariantGroup section */
		89BE8B37287C5C5800957B99 /* Main.storyboard */ = {
			isa = PBXVariantGroup;
			children = (
				89BE8B38287C5C5800957B99 /* Base */,
			);
			name = Main.storyboard;
			sourceTree = "<group>";
		};
		89BE8B3C287C5C5A00957B99 /* LaunchScreen.storyboard */ = {
			isa = PBXVariantGroup;
			children = (
				89BE8B3D287C5C5A00957B99 /* Base */,
			);
			name = LaunchScreen.storyboard;
			sourceTree = "<group>";
		};
/* End PBXVariantGroup section */

/* Begin XCBuildConfiguration section */
		89BE8B40287C5C5A00957B99 /* Debug */ = {
			isa = XCBuildConfiguration;
			buildSettings = {
				ALWAYS_SEARCH_USER_PATHS = NO;
				CLANG_ANALYZER_NONNULL = YES;
				CLANG_ANALYZER_NUMBER_OBJECT_CONVERSION = YES_AGGRESSIVE;
				CLANG_CXX_LANGUAGE_STANDARD = "gnu++17";
				CLANG_ENABLE_MODULES = YES;
				CLANG_ENABLE_OBJC_ARC = YES;
				CLANG_ENABLE_OBJC_WEAK = YES;
				CLANG_WARN_BLOCK_CAPTURE_AUTORELEASING = YES;
				CLANG_WARN_BOOL_CONVERSION = YES;
				CLANG_WARN_COMMA = YES;
				CLANG_WARN_CONSTANT_CONVERSION = YES;
				CLANG_WARN_DEPRECATED_OBJC_IMPLEMENTATIONS = YES;
				CLANG_WARN_DIRECT_OBJC_ISA_USAGE = YES_ERROR;
				CLANG_WARN_DOCUMENTATION_COMMENTS = YES;
				CLANG_WARN_EMPTY_BODY = YES;
				CLANG_WARN_ENUM_CONVERSION = YES;
				CLANG_WARN_INFINITE_RECURSION = YES;
				CLANG_WARN_INT_CONVERSION = YES;
				CLANG_WARN_NON_LITERAL_NULL_CONVERSION = YES;
				CLANG_WARN_OBJC_IMPLICIT_RETAIN_SELF = YES;
				CLANG_WARN_OBJC_LITERAL_CONVERSION = YES;
				CLANG_WARN_OBJC_ROOT_CLASS = YES_ERROR;
				CLANG_WARN_QUOTED_INCLUDE_IN_FRAMEWORK_HEADER = YES;
				CLANG_WARN_RANGE_LOOP_ANALYSIS = YES;
				CLANG_WARN_STRICT_PROTOTYPES = YES;
				CLANG_WARN_SUSPICIOUS_MOVE = YES;
				CLANG_WARN_UNGUARDED_AVAILABILITY = YES_AGGRESSIVE;
				CLANG_WARN_UNREACHABLE_CODE = YES;
				CLANG_WARN__DUPLICATE_METHOD_MATCH = YES;
				COPY_PHASE_STRIP = NO;
				DEBUG_INFORMATION_FORMAT = dwarf;
				ENABLE_STRICT_OBJC_MSGSEND = YES;
				ENABLE_TESTABILITY = YES;
				GCC_C_LANGUAGE_STANDARD = gnu11;
				GCC_DYNAMIC_NO_PIC = NO;
				GCC_NO_COMMON_BLOCKS = YES;
				GCC_OPTIMIZATION_LEVEL = 0;
				GCC_PREPROCESSOR_DEFINITIONS = (
					"DEBUG=1",
					"$(inherited)",
				);
				GCC_WARN_64_TO_32_BIT_CONVERSION = YES;
				GCC_WARN_ABOUT_RETURN_TYPE = YES_ERROR;
				GCC_WARN_UNDECLARED_SELECTOR = YES;
				GCC_WARN_UNINITIALIZED_AUTOS = YES_AGGRESSIVE;
				GCC_WARN_UNUSED_FUNCTION = YES;
				GCC_WARN_UNUSED_VARIABLE = YES;
				IPHONEOS_DEPLOYMENT_TARGET = 15.5;
				MTL_ENABLE_DEBUG_INFO = INCLUDE_SOURCE;
				MTL_FAST_MATH = YES;
				ONLY_ACTIVE_ARCH = YES;
				SDKROOT = iphoneos;
				SWIFT_ACTIVE_COMPILATION_CONDITIONS = DEBUG;
				SWIFT_OPTIMIZATION_LEVEL = "-Onone";
			};
			name = Debug;
		};
		89BE8B41287C5C5A00957B99 /* Release */ = {
			isa = XCBuildConfiguration;
			buildSettings = {
				ALWAYS_SEARCH_USER_PATHS = NO;
				CLANG_ANALYZER_NONNULL = YES;
				CLANG_ANALYZER_NUMBER_OBJECT_CONVERSION = YES_AGGRESSIVE;
				CLANG_CXX_LANGUAGE_STANDARD = "gnu++17";
				CLANG_ENABLE_MODULES = YES;
				CLANG_ENABLE_OBJC_ARC = YES;
				CLANG_ENABLE_OBJC_WEAK = YES;
				CLANG_WARN_BLOCK_CAPTURE_AUTORELEASING = YES;
				CLANG_WARN_BOOL_CONVERSION = YES;
				CLANG_WARN_COMMA = YES;
				CLANG_WARN_CONSTANT_CONVERSION = YES;
				CLANG_WARN_DEPRECATED_OBJC_IMPLEMENTATIONS = YES;
				CLANG_WARN_DIRECT_OBJC_ISA_USAGE = YES_ERROR;
				CLANG_WARN_DOCUMENTATION_COMMENTS = YES;
				CLANG_WARN_EMPTY_BODY = YES;
				CLANG_WARN_ENUM_CONVERSION = YES;
				CLANG_WARN_INFINITE_RECURSION = YES;
				CLANG_WARN_INT_CONVERSION = YES;
				CLANG_WARN_NON_LITERAL_NULL_CONVERSION = YES;
				CLANG_WARN_OBJC_IMPLICIT_RETAIN_SELF = YES;
				CLANG_WARN_OBJC_LITERAL_CONVERSION = YES;
				CLANG_WARN_OBJC_ROOT_CLASS = YES_ERROR;
				CLANG_WARN_QUOTED_INCLUDE_IN_FRAMEWORK_HEADER = YES;
				CLANG_WARN_RANGE_LOOP_ANALYSIS = YES;
				CLANG_WARN_STRICT_PROTOTYPES = YES;
				CLANG_WARN_SUSPICIOUS_MOVE = YES;
				CLANG_WARN_UNGUARDED_AVAILABILITY = YES_AGGRESSIVE;
				CLANG_WARN_UNREACHABLE_CODE = YES;
				CLANG_WARN__DUPLICATE_METHOD_MATCH = YES;
				COPY_PHASE_STRIP = NO;
				DEBUG_INFORMATION_FORMAT = "dwarf-with-dsym";
				ENABLE_NS_ASSERTIONS = NO;
				ENABLE_STRICT_OBJC_MSGSEND = YES;
				GCC_C_LANGUAGE_STANDARD = gnu11;
				GCC_NO_COMMON_BLOCKS = YES;
				GCC_WARN_64_TO_32_BIT_CONVERSION = YES;
				GCC_WARN_ABOUT_RETURN_TYPE = YES_ERROR;
				GCC_WARN_UNDECLARED_SELECTOR = YES;
				GCC_WARN_UNINITIALIZED_AUTOS = YES_AGGRESSIVE;
				GCC_WARN_UNUSED_FUNCTION = YES;
				GCC_WARN_UNUSED_VARIABLE = YES;
				IPHONEOS_DEPLOYMENT_TARGET = 15.5;
				MTL_ENABLE_DEBUG_INFO = NO;
				MTL_FAST_MATH = YES;
				SDKROOT = iphoneos;
				SWIFT_COMPILATION_MODE = wholemodule;
				SWIFT_OPTIMIZATION_LEVEL = "-O";
				VALIDATE_PRODUCT = YES;
			};
			name = Release;
		};
		89BE8B43287C5C5A00957B99 /* Debug */ = {
			isa = XCBuildConfiguration;
			buildSettings = {
				ASSETCATALOG_COMPILER_APPICON_NAME = AppIcon;
				ASSETCATALOG_COMPILER_GLOBAL_ACCENT_COLOR_NAME = AccentColor;
				CODE_SIGN_STYLE = Automatic;
				CURRENT_PROJECT_VERSION = 1;
				DEVELOPMENT_TEAM = Y7K7KKB2V4;
				GENERATE_INFOPLIST_FILE = YES;
				INFOPLIST_FILE = TestDynamicCell/Info.plist;
				INFOPLIST_KEY_UIApplicationSupportsIndirectInputEvents = YES;
				INFOPLIST_KEY_UILaunchStoryboardName = LaunchScreen;
				INFOPLIST_KEY_UIMainStoryboardFile = Main;
				INFOPLIST_KEY_UISupportedInterfaceOrientations_iPad = "UIInterfaceOrientationPortrait UIInterfaceOrientationPortraitUpsideDown UIInterfaceOrientationLandscapeLeft UIInterfaceOrientationLandscapeRight";
				INFOPLIST_KEY_UISupportedInterfaceOrientations_iPhone = "UIInterfaceOrientationPortrait UIInterfaceOrientationLandscapeLeft UIInterfaceOrientationLandscapeRight";
				LD_RUNPATH_SEARCH_PATHS = (
					"$(inherited)",
					"@executable_path/Frameworks",
				);
				MARKETING_VERSION = 1.0;
				PRODUCT_BUNDLE_IDENTIFIER = com.andelkov.TestDynamicCell;
				PRODUCT_NAME = "$(TARGET_NAME)";
				SWIFT_EMIT_LOC_STRINGS = YES;
				SWIFT_VERSION = 5.0;
				TARGETED_DEVICE_FAMILY = "1,2";
			};
			name = Debug;
		};
		89BE8B44287C5C5A00957B99 /* Release */ = {
			isa = XCBuildConfiguration;
			buildSettings = {
				ASSETCATALOG_COMPILER_APPICON_NAME = AppIcon;
				ASSETCATALOG_COMPILER_GLOBAL_ACCENT_COLOR_NAME = AccentColor;
				CODE_SIGN_STYLE = Automatic;
				CURRENT_PROJECT_VERSION = 1;
				DEVELOPMENT_TEAM = Y7K7KKB2V4;
				GENERATE_INFOPLIST_FILE = YES;
				INFOPLIST_FILE = TestDynamicCell/Info.plist;
				INFOPLIST_KEY_UIApplicationSupportsIndirectInputEvents = YES;
				INFOPLIST_KEY_UILaunchStoryboardName = LaunchScreen;
				INFOPLIST_KEY_UIMainStoryboardFile = Main;
				INFOPLIST_KEY_UISupportedInterfaceOrientations_iPad = "UIInterfaceOrientationPortrait UIInterfaceOrientationPortraitUpsideDown UIInterfaceOrientationLandscapeLeft UIInterfaceOrientationLandscapeRight";
				INFOPLIST_KEY_UISupportedInterfaceOrientations_iPhone = "UIInterfaceOrientationPortrait UIInterfaceOrientationLandscapeLeft UIInterfaceOrientationLandscapeRight";
				LD_RUNPATH_SEARCH_PATHS = (
					"$(inherited)",
					"@executable_path/Frameworks",
				);
				MARKETING_VERSION = 1.0;
				PRODUCT_BUNDLE_IDENTIFIER = com.andelkov.TestDynamicCell;
				PRODUCT_NAME = "$(TARGET_NAME)";
				SWIFT_EMIT_LOC_STRINGS = YES;
				SWIFT_VERSION = 5.0;
				TARGETED_DEVICE_FAMILY = "1,2";
			};
			name = Release;
		};
/* End XCBuildConfiguration section */

/* Begin XCConfigurationList section */
		89BE8B29287C5C5800957B99 /* Build configuration list for PBXProject "TestDynamicCell" */ = {
			isa = XCConfigurationList;
			buildConfigurations = (
				89BE8B40287C5C5A00957B99 /* Debug */,
				89BE8B41287C5C5A00957B99 /* Release */,
			);
			defaultConfigurationIsVisible = 0;
			defaultConfigurationName = Release;
		};
		89BE8B42287C5C5A00957B99 /* Build configuration list for PBXNativeTarget "TestDynamicCell" */ = {
			isa = XCConfigurationList;
			buildConfigurations = (
				89BE8B43287C5C5A00957B99 /* Debug */,
				89BE8B44287C5C5A00957B99 /* Release */,
			);
			defaultConfigurationIsVisible = 0;
			defaultConfigurationName = Release;
		};
/* End XCConfigurationList section */
	};
	rootObject = 89BE8B26287C5C5800957B99 /* Project object */;
}
